// !$*UTF8*$!
{
	archiveVersion = 1;
	classes = {
	};
	objectVersion = 56;
	objects = {

/* Begin PBXBuildFile section */
		B34A637C2A46DE2400AA015C /* AppDelegate.swift in Sources */ = {isa = PBXBuildFile; fileRef = B34A637B2A46DE2400AA015C /* AppDelegate.swift */; };
		B34A637E2A46DE2400AA015C /* SceneDelegate.swift in Sources */ = {isa = PBXBuildFile; fileRef = B34A637D2A46DE2400AA015C /* SceneDelegate.swift */; };
		B34A63802A46DE2400AA015C /* ViewController.swift in Sources */ = {isa = PBXBuildFile; fileRef = B34A637F2A46DE2400AA015C /* ViewController.swift */; };
		B34A63832A46DE2400AA015C /* Main.storyboard in Resources */ = {isa = PBXBuildFile; fileRef = B34A63812A46DE2400AA015C /* Main.storyboard */; };
		B34A63852A46DE2500AA015C /* Assets.xcassets in Resources */ = {isa = PBXBuildFile; fileRef = B34A63842A46DE2500AA015C /* Assets.xcassets */; };
		B34A63882A46DE2500AA015C /* LaunchScreen.storyboard in Resources */ = {isa = PBXBuildFile; fileRef = B34A63862A46DE2500AA015C /* LaunchScreen.storyboard */; };
		B34A63932A46DE2600AA015C /* NYTimesTests.swift in Sources */ = {isa = PBXBuildFile; fileRef = B34A63922A46DE2600AA015C /* NYTimesTests.swift */; };
		B34A639D2A46DE2600AA015C /* NYTimesUITests.swift in Sources */ = {isa = PBXBuildFile; fileRef = B34A639C2A46DE2600AA015C /* NYTimesUITests.swift */; };
		B34A639F2A46DE2600AA015C /* NYTimesUITestsLaunchTests.swift in Sources */ = {isa = PBXBuildFile; fileRef = B34A639E2A46DE2600AA015C /* NYTimesUITestsLaunchTests.swift */; };
/* End PBXBuildFile section */

/* Begin PBXContainerItemProxy section */
		B34A638F2A46DE2600AA015C /* PBXContainerItemProxy */ = {
			isa = PBXContainerItemProxy;
			containerPortal = B34A63702A46DE2300AA015C /* Project object */;
			proxyType = 1;
			remoteGlobalIDString = B34A63772A46DE2400AA015C;
			remoteInfo = NYTimes;
		};
		B34A63992A46DE2600AA015C /* PBXContainerItemProxy */ = {
			isa = PBXContainerItemProxy;
			containerPortal = B34A63702A46DE2300AA015C /* Project object */;
			proxyType = 1;
			remoteGlobalIDString = B34A63772A46DE2400AA015C;
			remoteInfo = NYTimes;
		};
/* End PBXContainerItemProxy section */

/* Begin PBXFileReference section */
		B34A63782A46DE2400AA015C /* NYTimes.app */ = {isa = PBXFileReference; explicitFileType = wrapper.application; includeInIndex = 0; path = NYTimes.app; sourceTree = BUILT_PRODUCTS_DIR; };
		B34A637B2A46DE2400AA015C /* AppDelegate.swift */ = {isa = PBXFileReference; lastKnownFileType = sourcecode.swift; path = AppDelegate.swift; sourceTree = "<group>"; };
		B34A637D2A46DE2400AA015C /* SceneDelegate.swift */ = {isa = PBXFileReference; lastKnownFileType = sourcecode.swift; path = SceneDelegate.swift; sourceTree = "<group>"; };
		B34A637F2A46DE2400AA015C /* ViewController.swift */ = {isa = PBXFileReference; lastKnownFileType = sourcecode.swift; path = ViewController.swift; sourceTree = "<group>"; };
		B34A63822A46DE2400AA015C /* Base */ = {isa = PBXFileReference; lastKnownFileType = file.storyboard; name = Base; path = Base.lproj/Main.storyboard; sourceTree = "<group>"; };
		B34A63842A46DE2500AA015C /* Assets.xcassets */ = {isa = PBXFileReference; lastKnownFileType = folder.assetcatalog; path = Assets.xcassets; sourceTree = "<group>"; };
		B34A63872A46DE2500AA015C /* Base */ = {isa = PBXFileReference; lastKnownFileType = file.storyboard; name = Base; path = Base.lproj/LaunchScreen.storyboard; sourceTree = "<group>"; };
		B34A63892A46DE2500AA015C /* Info.plist */ = {isa = PBXFileReference; lastKnownFileType = text.plist.xml; path = Info.plist; sourceTree = "<group>"; };
		B34A638E2A46DE2600AA015C /* NYTimesTests.xctest */ = {isa = PBXFileReference; explicitFileType = wrapper.cfbundle; includeInIndex = 0; path = NYTimesTests.xctest; sourceTree = BUILT_PRODUCTS_DIR; };
		B34A63922A46DE2600AA015C /* NYTimesTests.swift */ = {isa = PBXFileReference; lastKnownFileType = sourcecode.swift; path = NYTimesTests.swift; sourceTree = "<group>"; };
		B34A63982A46DE2600AA015C /* NYTimesUITests.xctest */ = {isa = PBXFileReference; explicitFileType = wrapper.cfbundle; includeInIndex = 0; path = NYTimesUITests.xctest; sourceTree = BUILT_PRODUCTS_DIR; };
		B34A639C2A46DE2600AA015C /* NYTimesUITests.swift */ = {isa = PBXFileReference; lastKnownFileType = sourcecode.swift; path = NYTimesUITests.swift; sourceTree = "<group>"; };
		B34A639E2A46DE2600AA015C /* NYTimesUITestsLaunchTests.swift */ = {isa = PBXFileReference; lastKnownFileType = sourcecode.swift; path = NYTimesUITestsLaunchTests.swift; sourceTree = "<group>"; };
/* End PBXFileReference section */

/* Begin PBXFrameworksBuildPhase section */
		B34A63752A46DE2400AA015C /* Frameworks */ = {
			isa = PBXFrameworksBuildPhase;
			buildActionMask = 2147483647;
			files = (
			);
			runOnlyForDeploymentPostprocessing = 0;
		};
		B34A638B2A46DE2600AA015C /* Frameworks */ = {
			isa = PBXFrameworksBuildPhase;
			buildActionMask = 2147483647;
			files = (
			);
			runOnlyForDeploymentPostprocessing = 0;
		};
		B34A63952A46DE2600AA015C /* Frameworks */ = {
			isa = PBXFrameworksBuildPhase;
			buildActionMask = 2147483647;
			files = (
			);
			runOnlyForDeploymentPostprocessing = 0;
		};
/* End PBXFrameworksBuildPhase section */

/* Begin PBXGroup section */
		B34A636F2A46DE2300AA015C = {
			isa = PBXGroup;
			children = (
				B34A637A2A46DE2400AA015C /* NYTimes */,
				B34A63912A46DE2600AA015C /* NYTimesTests */,
				B34A639B2A46DE2600AA015C /* NYTimesUITests */,
				B34A63792A46DE2400AA015C /* Products */,
			);
			sourceTree = "<group>";
		};
		B34A63792A46DE2400AA015C /* Products */ = {
			isa = PBXGroup;
			children = (
				B34A63782A46DE2400AA015C /* NYTimes.app */,
				B34A638E2A46DE2600AA015C /* NYTimesTests.xctest */,
				B34A63982A46DE2600AA015C /* NYTimesUITests.xctest */,
			);
			name = Products;
			sourceTree = "<group>";
		};
		B34A637A2A46DE2400AA015C /* NYTimes */ = {
			isa = PBXGroup;
			children = (
				B34A637B2A46DE2400AA015C /* AppDelegate.swift */,
				B34A637D2A46DE2400AA015C /* SceneDelegate.swift */,
				B34A637F2A46DE2400AA015C /* ViewController.swift */,
				B34A63812A46DE2400AA015C /* Main.storyboard */,
				B34A63842A46DE2500AA015C /* Assets.xcassets */,
				B34A63862A46DE2500AA015C /* LaunchScreen.storyboard */,
				B34A63892A46DE2500AA015C /* Info.plist */,
			);
			path = NYTimes;
			sourceTree = "<group>";
		};
		B34A63912A46DE2600AA015C /* NYTimesTests */ = {
			isa = PBXGroup;
			children = (
				B34A63922A46DE2600AA015C /* NYTimesTests.swift */,
			);
			path = NYTimesTests;
			sourceTree = "<group>";
		};
		B34A639B2A46DE2600AA015C /* NYTimesUITests */ = {
			isa = PBXGroup;
			children = (
				B34A639C2A46DE2600AA015C /* NYTimesUITests.swift */,
				B34A639E2A46DE2600AA015C /* NYTimesUITestsLaunchTests.swift */,
			);
			path = NYTimesUITests;
			sourceTree = "<group>";
		};
/* End PBXGroup section */

/* Begin PBXNativeTarget section */
		B34A63772A46DE2400AA015C /* NYTimes */ = {
			isa = PBXNativeTarget;
			buildConfigurationList = B34A63A22A46DE2600AA015C /* Build configuration list for PBXNativeTarget "NYTimes" */;
			buildPhases = (
				B34A63742A46DE2400AA015C /* Sources */,
				B34A63752A46DE2400AA015C /* Frameworks */,
				B34A63762A46DE2400AA015C /* Resources */,
			);
			buildRules = (
			);
			dependencies = (
			);
			name = NYTimes;
			productName = NYTimes;
			productReference = B34A63782A46DE2400AA015C /* NYTimes.app */;
			productType = "com.apple.product-type.application";
		};
		B34A638D2A46DE2600AA015C /* NYTimesTests */ = {
			isa = PBXNativeTarget;
			buildConfigurationList = B34A63A52A46DE2600AA015C /* Build configuration list for PBXNativeTarget "NYTimesTests" */;
			buildPhases = (
				B34A638A2A46DE2600AA015C /* Sources */,
				B34A638B2A46DE2600AA015C /* Frameworks */,
				B34A638C2A46DE2600AA015C /* Resources */,
			);
			buildRules = (
			);
			dependencies = (
				B34A63902A46DE2600AA015C /* PBXTargetDependency */,
			);
			name = NYTimesTests;
			productName = NYTimesTests;
			productReference = B34A638E2A46DE2600AA015C /* NYTimesTests.xctest */;
			productType = "com.apple.product-type.bundle.unit-test";
		};
		B34A63972A46DE2600AA015C /* NYTimesUITests */ = {
			isa = PBXNativeTarget;
			buildConfigurationList = B34A63A82A46DE2600AA015C /* Build configuration list for PBXNativeTarget "NYTimesUITests" */;
			buildPhases = (
				B34A63942A46DE2600AA015C /* Sources */,
				B34A63952A46DE2600AA015C /* Frameworks */,
				B34A63962A46DE2600AA015C /* Resources */,
			);
			buildRules = (
			);
			dependencies = (
				B34A639A2A46DE2600AA015C /* PBXTargetDependency */,
			);
			name = NYTimesUITests;
			productName = NYTimesUITests;
			productReference = B34A63982A46DE2600AA015C /* NYTimesUITests.xctest */;
			productType = "com.apple.product-type.bundle.ui-testing";
		};
/* End PBXNativeTarget section */

/* Begin PBXProject section */
		B34A63702A46DE2300AA015C /* Project object */ = {
			isa = PBXProject;
			attributes = {
				BuildIndependentTargetsInParallel = 1;
				LastSwiftUpdateCheck = 1430;
				LastUpgradeCheck = 1430;
				TargetAttributes = {
					B34A63772A46DE2400AA015C = {
						CreatedOnToolsVersion = 14.3.1;
					};
					B34A638D2A46DE2600AA015C = {
						CreatedOnToolsVersion = 14.3.1;
						TestTargetID = B34A63772A46DE2400AA015C;
					};
					B34A63972A46DE2600AA015C = {
						CreatedOnToolsVersion = 14.3.1;
						TestTargetID = B34A63772A46DE2400AA015C;
					};
				};
			};
			buildConfigurationList = B34A63732A46DE2300AA015C /* Build configuration list for PBXProject "NYTimes" */;
			compatibilityVersion = "Xcode 14.0";
			developmentRegion = en;
			hasScannedForEncodings = 0;
			knownRegions = (
				en,
				Base,
			);
			mainGroup = B34A636F2A46DE2300AA015C;
			productRefGroup = B34A63792A46DE2400AA015C /* Products */;
			projectDirPath = "";
			projectRoot = "";
			targets = (
				B34A63772A46DE2400AA015C /* NYTimes */,
				B34A638D2A46DE2600AA015C /* NYTimesTests */,
				B34A63972A46DE2600AA015C /* NYTimesUITests */,
			);
		};
/* End PBXProject section */

/* Begin PBXResourcesBuildPhase section */
		B34A63762A46DE2400AA015C /* Resources */ = {
			isa = PBXResourcesBuildPhase;
			buildActionMask = 2147483647;
			files = (
				B34A63882A46DE2500AA015C /* LaunchScreen.storyboard in Resources */,
				B34A63852A46DE2500AA015C /* Assets.xcassets in Resources */,
				B34A63832A46DE2400AA015C /* Main.storyboard in Resources */,
			);
			runOnlyForDeploymentPostprocessing = 0;
		};
		B34A638C2A46DE2600AA015C /* Resources */ = {
			isa = PBXResourcesBuildPhase;
			buildActionMask = 2147483647;
			files = (
			);
			runOnlyForDeploymentPostprocessing = 0;
		};
		B34A63962A46DE2600AA015C /* Resources */ = {
			isa = PBXResourcesBuildPhase;
			buildActionMask = 2147483647;
			files = (
			);
			runOnlyForDeploymentPostprocessing = 0;
		};
/* End PBXResourcesBuildPhase section */

/* Begin PBXSourcesBuildPhase section */
		B34A63742A46DE2400AA015C /* Sources */ = {
			isa = PBXSourcesBuildPhase;
			buildActionMask = 2147483647;
			files = (
				B34A63802A46DE2400AA015C /* ViewController.swift in Sources */,
				B34A637C2A46DE2400AA015C /* AppDelegate.swift in Sources */,
				B34A637E2A46DE2400AA015C /* SceneDelegate.swift in Sources */,
			);
			runOnlyForDeploymentPostprocessing = 0;
		};
		B34A638A2A46DE2600AA015C /* Sources */ = {
			isa = PBXSourcesBuildPhase;
			buildActionMask = 2147483647;
			files = (
				B34A63932A46DE2600AA015C /* NYTimesTests.swift in Sources */,
			);
			runOnlyForDeploymentPostprocessing = 0;
		};
		B34A63942A46DE2600AA015C /* Sources */ = {
			isa = PBXSourcesBuildPhase;
			buildActionMask = 2147483647;
			files = (
				B34A639F2A46DE2600AA015C /* NYTimesUITestsLaunchTests.swift in Sources */,
				B34A639D2A46DE2600AA015C /* NYTimesUITests.swift in Sources */,
			);
			runOnlyForDeploymentPostprocessing = 0;
		};
/* End PBXSourcesBuildPhase section */

/* Begin PBXTargetDependency section */
		B34A63902A46DE2600AA015C /* PBXTargetDependency */ = {
			isa = PBXTargetDependency;
			target = B34A63772A46DE2400AA015C /* NYTimes */;
			targetProxy = B34A638F2A46DE2600AA015C /* PBXContainerItemProxy */;
		};
		B34A639A2A46DE2600AA015C /* PBXTargetDependency */ = {
			isa = PBXTargetDependency;
			target = B34A63772A46DE2400AA015C /* NYTimes */;
			targetProxy = B34A63992A46DE2600AA015C /* PBXContainerItemProxy */;
		};
/* End PBXTargetDependency section */

/* Begin PBXVariantGroup section */
		B34A63812A46DE2400AA015C /* Main.storyboard */ = {
			isa = PBXVariantGroup;
			children = (
				B34A63822A46DE2400AA015C /* Base */,
			);
			name = Main.storyboard;
			sourceTree = "<group>";
		};
		B34A63862A46DE2500AA015C /* LaunchScreen.storyboard */ = {
			isa = PBXVariantGroup;
			children = (
				B34A63872A46DE2500AA015C /* Base */,
			);
			name = LaunchScreen.storyboard;
			sourceTree = "<group>";
		};
/* End PBXVariantGroup section */

/* Begin XCBuildConfiguration section */
		B34A63A02A46DE2600AA015C /* Debug */ = {
			isa = XCBuildConfiguration;
			buildSettings = {
				ALWAYS_SEARCH_USER_PATHS = NO;
				CLANG_ANALYZER_NONNULL = YES;
				CLANG_ANALYZER_NUMBER_OBJECT_CONVERSION = YES_AGGRESSIVE;
				CLANG_CXX_LANGUAGE_STANDARD = "gnu++20";
				CLANG_ENABLE_MODULES = YES;
				CLANG_ENABLE_OBJC_ARC = YES;
				CLANG_ENABLE_OBJC_WEAK = YES;
				CLANG_WARN_BLOCK_CAPTURE_AUTORELEASING = YES;
				CLANG_WARN_BOOL_CONVERSION = YES;
				CLANG_WARN_COMMA = YES;
				CLANG_WARN_CONSTANT_CONVERSION = YES;
				CLANG_WARN_DEPRECATED_OBJC_IMPLEMENTATIONS = YES;
				CLANG_WARN_DIRECT_OBJC_ISA_USAGE = YES_ERROR;
				CLANG_WARN_DOCUMENTATION_COMMENTS = YES;
				CLANG_WARN_EMPTY_BODY = YES;
				CLANG_WARN_ENUM_CONVERSION = YES;
				CLANG_WARN_INFINITE_RECURSION = YES;
				CLANG_WARN_INT_CONVERSION = YES;
				CLANG_WARN_NON_LITERAL_NULL_CONVERSION = YES;
				CLANG_WARN_OBJC_IMPLICIT_RETAIN_SELF = YES;
				CLANG_WARN_OBJC_LITERAL_CONVERSION = YES;
				CLANG_WARN_OBJC_ROOT_CLASS = YES_ERROR;
				CLANG_WARN_QUOTED_INCLUDE_IN_FRAMEWORK_HEADER = YES;
				CLANG_WARN_RANGE_LOOP_ANALYSIS = YES;
				CLANG_WARN_STRICT_PROTOTYPES = YES;
				CLANG_WARN_SUSPICIOUS_MOVE = YES;
				CLANG_WARN_UNGUARDED_AVAILABILITY = YES_AGGRESSIVE;
				CLANG_WARN_UNREACHABLE_CODE = YES;
				CLANG_WARN__DUPLICATE_METHOD_MATCH = YES;
				COPY_PHASE_STRIP = NO;
				DEBUG_INFORMATION_FORMAT = dwarf;
				ENABLE_STRICT_OBJC_MSGSEND = YES;
				ENABLE_TESTABILITY = YES;
				GCC_C_LANGUAGE_STANDARD = gnu11;
				GCC_DYNAMIC_NO_PIC = NO;
				GCC_NO_COMMON_BLOCKS = YES;
				GCC_OPTIMIZATION_LEVEL = 0;
				GCC_PREPROCESSOR_DEFINITIONS = (
					"DEBUG=1",
					"$(inherited)",
				);
				GCC_WARN_64_TO_32_BIT_CONVERSION = YES;
				GCC_WARN_ABOUT_RETURN_TYPE = YES_ERROR;
				GCC_WARN_UNDECLARED_SELECTOR = YES;
				GCC_WARN_UNINITIALIZED_AUTOS = YES_AGGRESSIVE;
				GCC_WARN_UNUSED_FUNCTION = YES;
				GCC_WARN_UNUSED_VARIABLE = YES;
				IPHONEOS_DEPLOYMENT_TARGET = 16.4;
				MTL_ENABLE_DEBUG_INFO = INCLUDE_SOURCE;
				MTL_FAST_MATH = YES;
				ONLY_ACTIVE_ARCH = YES;
				SDKROOT = iphoneos;
				SWIFT_ACTIVE_COMPILATION_CONDITIONS = DEBUG;
				SWIFT_OPTIMIZATION_LEVEL = "-Onone";
			};
			name = Debug;
		};
		B34A63A12A46DE2600AA015C /* Release */ = {
			isa = XCBuildConfiguration;
			buildSettings = {
				ALWAYS_SEARCH_USER_PATHS = NO;
				CLANG_ANALYZER_NONNULL = YES;
				CLANG_ANALYZER_NUMBER_OBJECT_CONVERSION = YES_AGGRESSIVE;
				CLANG_CXX_LANGUAGE_STANDARD = "gnu++20";
				CLANG_ENABLE_MODULES = YES;
				CLANG_ENABLE_OBJC_ARC = YES;
				CLANG_ENABLE_OBJC_WEAK = YES;
				CLANG_WARN_BLOCK_CAPTURE_AUTORELEASING = YES;
				CLANG_WARN_BOOL_CONVERSION = YES;
				CLANG_WARN_COMMA = YES;
				CLANG_WARN_CONSTANT_CONVERSION = YES;
				CLANG_WARN_DEPRECATED_OBJC_IMPLEMENTATIONS = YES;
				CLANG_WARN_DIRECT_OBJC_ISA_USAGE = YES_ERROR;
				CLANG_WARN_DOCUMENTATION_COMMENTS = YES;
				CLANG_WARN_EMPTY_BODY = YES;
				CLANG_WARN_ENUM_CONVERSION = YES;
				CLANG_WARN_INFINITE_RECURSION = YES;
				CLANG_WARN_INT_CONVERSION = YES;
				CLANG_WARN_NON_LITERAL_NULL_CONVERSION = YES;
				CLANG_WARN_OBJC_IMPLICIT_RETAIN_SELF = YES;
				CLANG_WARN_OBJC_LITERAL_CONVERSION = YES;
				CLANG_WARN_OBJC_ROOT_CLASS = YES_ERROR;
				CLANG_WARN_QUOTED_INCLUDE_IN_FRAMEWORK_HEADER = YES;
				CLANG_WARN_RANGE_LOOP_ANALYSIS = YES;
				CLANG_WARN_STRICT_PROTOTYPES = YES;
				CLANG_WARN_SUSPICIOUS_MOVE = YES;
				CLANG_WARN_UNGUARDED_AVAILABILITY = YES_AGGRESSIVE;
				CLANG_WARN_UNREACHABLE_CODE = YES;
				CLANG_WARN__DUPLICATE_METHOD_MATCH = YES;
				COPY_PHASE_STRIP = NO;
				DEBUG_INFORMATION_FORMAT = "dwarf-with-dsym";
				ENABLE_NS_ASSERTIONS = NO;
				ENABLE_STRICT_OBJC_MSGSEND = YES;
				GCC_C_LANGUAGE_STANDARD = gnu11;
				GCC_NO_COMMON_BLOCKS = YES;
				GCC_WARN_64_TO_32_BIT_CONVERSION = YES;
				GCC_WARN_ABOUT_RETURN_TYPE = YES_ERROR;
				GCC_WARN_UNDECLARED_SELECTOR = YES;
				GCC_WARN_UNINITIALIZED_AUTOS = YES_AGGRESSIVE;
				GCC_WARN_UNUSED_FUNCTION = YES;
				GCC_WARN_UNUSED_VARIABLE = YES;
				IPHONEOS_DEPLOYMENT_TARGET = 16.4;
				MTL_ENABLE_DEBUG_INFO = NO;
				MTL_FAST_MATH = YES;
				SDKROOT = iphoneos;
				SWIFT_COMPILATION_MODE = wholemodule;
				SWIFT_OPTIMIZATION_LEVEL = "-O";
				VALIDATE_PRODUCT = YES;
			};
			name = Release;
		};
		B34A63A32A46DE2600AA015C /* Debug */ = {
			isa = XCBuildConfiguration;
			buildSettings = {
				ASSETCATALOG_COMPILER_APPICON_NAME = AppIcon;
				ASSETCATALOG_COMPILER_GLOBAL_ACCENT_COLOR_NAME = AccentColor;
				CODE_SIGN_STYLE = Automatic;
				CURRENT_PROJECT_VERSION = 1;
				DEVELOPMENT_TEAM = 688L2572V2;
				GENERATE_INFOPLIST_FILE = YES;
				INFOPLIST_FILE = NYTimes/Info.plist;
				INFOPLIST_KEY_LSApplicationCategoryType = "public.app-category.news";
				INFOPLIST_KEY_UIApplicationSupportsIndirectInputEvents = YES;
				INFOPLIST_KEY_UILaunchStoryboardName = LaunchScreen;
				INFOPLIST_KEY_UIMainStoryboardFile = Main;
				INFOPLIST_KEY_UISupportedInterfaceOrientations = UIInterfaceOrientationPortrait;
				IPHONEOS_DEPLOYMENT_TARGET = 14.0;
				LD_RUNPATH_SEARCH_PATHS = (
					"$(inherited)",
					"@executable_path/Frameworks",
				);
				MARKETING_VERSION = 1.0;
				PRODUCT_BUNDLE_IDENTIFIER = com.sajjad.NYTimes;
				PRODUCT_NAME = "$(TARGET_NAME)";
				SUPPORTED_PLATFORMS = "iphoneos iphonesimulator";
				SUPPORTS_MACCATALYST = NO;
				SUPPORTS_MAC_DESIGNED_FOR_IPHONE_IPAD = YES;
				SWIFT_EMIT_LOC_STRINGS = YES;
				SWIFT_VERSION = 5.0;
				TARGETED_DEVICE_FAMILY = 1;
			};
			name = Debug;
		};
		B34A63A42A46DE2600AA015C /* Release */ = {
			isa = XCBuildConfiguration;
			buildSettings = {
				ASSETCATALOG_COMPILER_APPICON_NAME = AppIcon;
				ASSETCATALOG_COMPILER_GLOBAL_ACCENT_COLOR_NAME = AccentColor;
				CODE_SIGN_STYLE = Automatic;
				CURRENT_PROJECT_VERSION = 1;
				DEVELOPMENT_TEAM = 688L2572V2;
				GENERATE_INFOPLIST_FILE = YES;
				INFOPLIST_FILE = NYTimes/Info.plist;
				INFOPLIST_KEY_LSApplicationCategoryType = "public.app-category.news";
				INFOPLIST_KEY_UIApplicationSupportsIndirectInputEvents = YES;
				INFOPLIST_KEY_UILaunchStoryboardName = LaunchScreen;
				INFOPLIST_KEY_UIMainStoryboardFile = Main;
				INFOPLIST_KEY_UISupportedInterfaceOrientations = UIInterfaceOrientationPortrait;
				IPHONEOS_DEPLOYMENT_TARGET = 14.0;
				LD_RUNPATH_SEARCH_PATHS = (
					"$(inherited)",
					"@executable_path/Frameworks",
				);
				MARKETING_VERSION = 1.0;
				PRODUCT_BUNDLE_IDENTIFIER = com.sajjad.NYTimes;
				PRODUCT_NAME = "$(TARGET_NAME)";
				SUPPORTED_PLATFORMS = "iphoneos iphonesimulator";
				SUPPORTS_MACCATALYST = NO;
				SUPPORTS_MAC_DESIGNED_FOR_IPHONE_IPAD = YES;
				SWIFT_EMIT_LOC_STRINGS = YES;
				SWIFT_VERSION = 5.0;
				TARGETED_DEVICE_FAMILY = 1;
			};
			name = Release;
		};
		B34A63A62A46DE2600AA015C /* Debug */ = {
			isa = XCBuildConfiguration;
			buildSettings = {
				ALWAYS_EMBED_SWIFT_STANDARD_LIBRARIES = YES;
				BUNDLE_LOADER = "$(TEST_HOST)";
				CODE_SIGN_STYLE = Automatic;
				CURRENT_PROJECT_VERSION = 1;
				DEVELOPMENT_TEAM = 688L2572V2;
				GENERATE_INFOPLIST_FILE = YES;
				IPHONEOS_DEPLOYMENT_TARGET = 16.4;
				MARKETING_VERSION = 1.0;
				PRODUCT_BUNDLE_IDENTIFIER = com.sajjad.NYTimesTests;
				PRODUCT_NAME = "$(TARGET_NAME)";
				SWIFT_EMIT_LOC_STRINGS = NO;
				SWIFT_VERSION = 5.0;
				TARGETED_DEVICE_FAMILY = "1,2";
				TEST_HOST = "$(BUILT_PRODUCTS_DIR)/NYTimes.app/$(BUNDLE_EXECUTABLE_FOLDER_PATH)/NYTimes";
			};
			name = Debug;
		};
		B34A63A72A46DE2600AA015C /* Release */ = {
			isa = XCBuildConfiguration;
			buildSettings = {
				ALWAYS_EMBED_SWIFT_STANDARD_LIBRARIES = YES;
				BUNDLE_LOADER = "$(TEST_HOST)";
				CODE_SIGN_STYLE = Automatic;
				CURRENT_PROJECT_VERSION = 1;
				DEVELOPMENT_TEAM = 688L2572V2;
				GENERATE_INFOPLIST_FILE = YES;
				IPHONEOS_DEPLOYMENT_TARGET = 16.4;
				MARKETING_VERSION = 1.0;
				PRODUCT_BUNDLE_IDENTIFIER = com.sajjad.NYTimesTests;
				PRODUCT_NAME = "$(TARGET_NAME)";
				SWIFT_EMIT_LOC_STRINGS = NO;
				SWIFT_VERSION = 5.0;
				TARGETED_DEVICE_FAMILY = "1,2";
				TEST_HOST = "$(BUILT_PRODUCTS_DIR)/NYTimes.app/$(BUNDLE_EXECUTABLE_FOLDER_PATH)/NYTimes";
			};
			name = Release;
		};
		B34A63A92A46DE2600AA015C /* Debug */ = {
			isa = XCBuildConfiguration;
			buildSettings = {
				ALWAYS_EMBED_SWIFT_STANDARD_LIBRARIES = YES;
				CODE_SIGN_STYLE = Automatic;
				CURRENT_PROJECT_VERSION = 1;
				DEVELOPMENT_TEAM = 688L2572V2;
				GENERATE_INFOPLIST_FILE = YES;
				MARKETING_VERSION = 1.0;
				PRODUCT_BUNDLE_IDENTIFIER = com.sajjad.NYTimesUITests;
				PRODUCT_NAME = "$(TARGET_NAME)";
				SWIFT_EMIT_LOC_STRINGS = NO;
				SWIFT_VERSION = 5.0;
				TARGETED_DEVICE_FAMILY = "1,2";
				TEST_TARGET_NAME = NYTimes;
			};
			name = Debug;
		};
		B34A63AA2A46DE2600AA015C /* Release */ = {
			isa = XCBuildConfiguration;
			buildSettings = {
				ALWAYS_EMBED_SWIFT_STANDARD_LIBRARIES = YES;
				CODE_SIGN_STYLE = Automatic;
				CURRENT_PROJECT_VERSION = 1;
				DEVELOPMENT_TEAM = 688L2572V2;
				GENERATE_INFOPLIST_FILE = YES;
				MARKETING_VERSION = 1.0;
				PRODUCT_BUNDLE_IDENTIFIER = com.sajjad.NYTimesUITests;
				PRODUCT_NAME = "$(TARGET_NAME)";
				SWIFT_EMIT_LOC_STRINGS = NO;
				SWIFT_VERSION = 5.0;
				TARGETED_DEVICE_FAMILY = "1,2";
				TEST_TARGET_NAME = NYTimes;
			};
			name = Release;
		};
/* End XCBuildConfiguration section */

/* Begin XCConfigurationList section */
		B34A63732A46DE2300AA015C /* Build configuration list for PBXProject "NYTimes" */ = {
			isa = XCConfigurationList;
			buildConfigurations = (
				B34A63A02A46DE2600AA015C /* Debug */,
				B34A63A12A46DE2600AA015C /* Release */,
			);
			defaultConfigurationIsVisible = 0;
			defaultConfigurationName = Release;
		};
		B34A63A22A46DE2600AA015C /* Build configuration list for PBXNativeTarget "NYTimes" */ = {
			isa = XCConfigurationList;
			buildConfigurations = (
				B34A63A32A46DE2600AA015C /* Debug */,
				B34A63A42A46DE2600AA015C /* Release */,
			);
			defaultConfigurationIsVisible = 0;
			defaultConfigurationName = Release;
		};
		B34A63A52A46DE2600AA015C /* Build configuration list for PBXNativeTarget "NYTimesTests" */ = {
			isa = XCConfigurationList;
			buildConfigurations = (
				B34A63A62A46DE2600AA015C /* Debug */,
				B34A63A72A46DE2600AA015C /* Release */,
			);
			defaultConfigurationIsVisible = 0;
			defaultConfigurationName = Release;
		};
		B34A63A82A46DE2600AA015C /* Build configuration list for PBXNativeTarget "NYTimesUITests" */ = {
			isa = XCConfigurationList;
			buildConfigurations = (
				B34A63A92A46DE2600AA015C /* Debug */,
				B34A63AA2A46DE2600AA015C /* Release */,
			);
			defaultConfigurationIsVisible = 0;
			defaultConfigurationName = Release;
		};
/* End XCConfigurationList section */
	};
	rootObject = B34A63702A46DE2300AA015C /* Project object */;
}
